// !$*UTF8*$!
{
	archiveVersion = 1;
	classes = {
	};
	objectVersion = 50;
	objects = {

/* Begin PBXBuildFile section */
		4323B4CD238C9AFB00BE544D /* minhaParticula.sks in Resources */ = {isa = PBXBuildFile; fileRef = 4323B4CC238C9AFB00BE544D /* minhaParticula.sks */; };
		4391D8092389C96300500071 /* Main.storyboard in Resources */ = {isa = PBXBuildFile; fileRef = 4391D8082389C96300500071 /* Main.storyboard */; };
		4391D80B2389C9B200500071 /* MeuJogoViewController.swift in Sources */ = {isa = PBXBuildFile; fileRef = 4391D80A2389C9B200500071 /* MeuJogoViewController.swift */; };
		4391D80D2389CAA100500071 /* MinhaCena.swift in Sources */ = {isa = PBXBuildFile; fileRef = 4391D80C2389CAA100500071 /* MinhaCena.swift */; };
		43D86A7B238892F0003CBDC4 /* AppDelegate.swift in Sources */ = {isa = PBXBuildFile; fileRef = 43D86A7A238892F0003CBDC4 /* AppDelegate.swift */; };
		43D86A88238892F1003CBDC4 /* Assets.xcassets in Resources */ = {isa = PBXBuildFile; fileRef = 43D86A87238892F1003CBDC4 /* Assets.xcassets */; };
		43D86A96238892F1003CBDC4 /* meuGameTests.swift in Sources */ = {isa = PBXBuildFile; fileRef = 43D86A95238892F1003CBDC4 /* meuGameTests.swift */; };
		43D86AA1238892F1003CBDC4 /* meuGameUITests.swift in Sources */ = {isa = PBXBuildFile; fileRef = 43D86AA0238892F1003CBDC4 /* meuGameUITests.swift */; };
		43E668912389F04F006FE255 /* SpriteSheet.swift in Sources */ = {isa = PBXBuildFile; fileRef = 43E668902389F04F006FE255 /* SpriteSheet.swift */; };
		43E668952389F152006FE255 /* player.png in Resources */ = {isa = PBXBuildFile; fileRef = 43E668942389F152006FE255 /* player.png */; };
/* End PBXBuildFile section */

/* Begin PBXContainerItemProxy section */
		43D86A92238892F1003CBDC4 /* PBXContainerItemProxy */ = {
			isa = PBXContainerItemProxy;
			containerPortal = 43D86A6F238892F0003CBDC4 /* Project object */;
			proxyType = 1;
			remoteGlobalIDString = 43D86A76238892F0003CBDC4;
			remoteInfo = meuGame;
		};
		43D86A9D238892F1003CBDC4 /* PBXContainerItemProxy */ = {
			isa = PBXContainerItemProxy;
			containerPortal = 43D86A6F238892F0003CBDC4 /* Project object */;
			proxyType = 1;
			remoteGlobalIDString = 43D86A76238892F0003CBDC4;
			remoteInfo = meuGame;
		};
/* End PBXContainerItemProxy section */

/* Begin PBXFileReference section */
		4323B4CC238C9AFB00BE544D /* minhaParticula.sks */ = {isa = PBXFileReference; lastKnownFileType = file.sks; path = minhaParticula.sks; sourceTree = "<group>"; };
		4391D8082389C96300500071 /* Main.storyboard */ = {isa = PBXFileReference; fileEncoding = 4; lastKnownFileType = file.storyboard; path = Main.storyboard; sourceTree = "<group>"; };
		4391D80A2389C9B200500071 /* MeuJogoViewController.swift */ = {isa = PBXFileReference; lastKnownFileType = sourcecode.swift; path = MeuJogoViewController.swift; sourceTree = "<group>"; };
		4391D80C2389CAA100500071 /* MinhaCena.swift */ = {isa = PBXFileReference; lastKnownFileType = sourcecode.swift; path = MinhaCena.swift; sourceTree = "<group>"; };
		43D86A77238892F0003CBDC4 /* meuGame.app */ = {isa = PBXFileReference; explicitFileType = wrapper.application; includeInIndex = 0; path = meuGame.app; sourceTree = BUILT_PRODUCTS_DIR; };
		43D86A7A238892F0003CBDC4 /* AppDelegate.swift */ = {isa = PBXFileReference; lastKnownFileType = sourcecode.swift; path = AppDelegate.swift; sourceTree = "<group>"; };
		43D86A87238892F1003CBDC4 /* Assets.xcassets */ = {isa = PBXFileReference; lastKnownFileType = folder.assetcatalog; path = Assets.xcassets; sourceTree = "<group>"; };
		43D86A8C238892F1003CBDC4 /* Info.plist */ = {isa = PBXFileReference; lastKnownFileType = text.plist.xml; path = Info.plist; sourceTree = "<group>"; };
		43D86A91238892F1003CBDC4 /* meuGameTests.xctest */ = {isa = PBXFileReference; explicitFileType = wrapper.cfbundle; includeInIndex = 0; path = meuGameTests.xctest; sourceTree = BUILT_PRODUCTS_DIR; };
		43D86A95238892F1003CBDC4 /* meuGameTests.swift */ = {isa = PBXFileReference; lastKnownFileType = sourcecode.swift; path = meuGameTests.swift; sourceTree = "<group>"; };
		43D86A97238892F1003CBDC4 /* Info.plist */ = {isa = PBXFileReference; lastKnownFileType = text.plist.xml; path = Info.plist; sourceTree = "<group>"; };
		43D86A9C238892F1003CBDC4 /* meuGameUITests.xctest */ = {isa = PBXFileReference; explicitFileType = wrapper.cfbundle; includeInIndex = 0; path = meuGameUITests.xctest; sourceTree = BUILT_PRODUCTS_DIR; };
		43D86AA0238892F1003CBDC4 /* meuGameUITests.swift */ = {isa = PBXFileReference; lastKnownFileType = sourcecode.swift; path = meuGameUITests.swift; sourceTree = "<group>"; };
		43D86AA2238892F1003CBDC4 /* Info.plist */ = {isa = PBXFileReference; lastKnownFileType = text.plist.xml; path = Info.plist; sourceTree = "<group>"; };
		43E668902389F04F006FE255 /* SpriteSheet.swift */ = {isa = PBXFileReference; lastKnownFileType = sourcecode.swift; path = SpriteSheet.swift; sourceTree = "<group>"; };
		43E668942389F152006FE255 /* player.png */ = {isa = PBXFileReference; lastKnownFileType = image.png; path = player.png; sourceTree = "<group>"; };
/* End PBXFileReference section */

/* Begin PBXFrameworksBuildPhase section */
		43D86A74238892F0003CBDC4 /* Frameworks */ = {
			isa = PBXFrameworksBuildPhase;
			buildActionMask = 2147483647;
			files = (
			);
			runOnlyForDeploymentPostprocessing = 0;
		};
		43D86A8E238892F1003CBDC4 /* Frameworks */ = {
			isa = PBXFrameworksBuildPhase;
			buildActionMask = 2147483647;
			files = (
			);
			runOnlyForDeploymentPostprocessing = 0;
		};
		43D86A99238892F1003CBDC4 /* Frameworks */ = {
			isa = PBXFrameworksBuildPhase;
			buildActionMask = 2147483647;
			files = (
			);
			runOnlyForDeploymentPostprocessing = 0;
		};
/* End PBXFrameworksBuildPhase section */

/* Begin PBXGroup section */
		43D86A6E238892F0003CBDC4 = {
			isa = PBXGroup;
			children = (
				43D86A79238892F0003CBDC4 /* meuGame */,
				43D86A94238892F1003CBDC4 /* meuGameTests */,
				43D86A9F238892F1003CBDC4 /* meuGameUITests */,
				43D86A78238892F0003CBDC4 /* Products */,
			);
			sourceTree = "<group>";
		};
		43D86A78238892F0003CBDC4 /* Products */ = {
			isa = PBXGroup;
			children = (
				43D86A77238892F0003CBDC4 /* meuGame.app */,
				43D86A91238892F1003CBDC4 /* meuGameTests.xctest */,
				43D86A9C238892F1003CBDC4 /* meuGameUITests.xctest */,
			);
			name = Products;
			sourceTree = "<group>";
		};
		43D86A79238892F0003CBDC4 /* meuGame */ = {
			isa = PBXGroup;
			children = (
				43D86A7A238892F0003CBDC4 /* AppDelegate.swift */,
				4391D80A2389C9B200500071 /* MeuJogoViewController.swift */,
				43E668942389F152006FE255 /* player.png */,
				4391D80C2389CAA100500071 /* MinhaCena.swift */,
				4391D8082389C96300500071 /* Main.storyboard */,
				4323B4CC238C9AFB00BE544D /* minhaParticula.sks */,
				43E668902389F04F006FE255 /* SpriteSheet.swift */,
				43D86A87238892F1003CBDC4 /* Assets.xcassets */,
				43D86A8C238892F1003CBDC4 /* Info.plist */,
			);
			path = meuGame;
			sourceTree = "<group>";
		};
		43D86A94238892F1003CBDC4 /* meuGameTests */ = {
			isa = PBXGroup;
			children = (
				43D86A95238892F1003CBDC4 /* meuGameTests.swift */,
				43D86A97238892F1003CBDC4 /* Info.plist */,
			);
			path = meuGameTests;
			sourceTree = "<group>";
		};
		43D86A9F238892F1003CBDC4 /* meuGameUITests */ = {
			isa = PBXGroup;
			children = (
				43D86AA0238892F1003CBDC4 /* meuGameUITests.swift */,
				43D86AA2238892F1003CBDC4 /* Info.plist */,
			);
			path = meuGameUITests;
			sourceTree = "<group>";
		};
/* End PBXGroup section */

/* Begin PBXNativeTarget section */
		43D86A76238892F0003CBDC4 /* meuGame */ = {
			isa = PBXNativeTarget;
			buildConfigurationList = 43D86AA5238892F1003CBDC4 /* Build configuration list for PBXNativeTarget "meuGame" */;
			buildPhases = (
				43D86A73238892F0003CBDC4 /* Sources */,
				43D86A74238892F0003CBDC4 /* Frameworks */,
				43D86A75238892F0003CBDC4 /* Resources */,
			);
			buildRules = (
			);
			dependencies = (
			);
			name = meuGame;
			productName = meuGame;
			productReference = 43D86A77238892F0003CBDC4 /* meuGame.app */;
			productType = "com.apple.product-type.application";
		};
		43D86A90238892F1003CBDC4 /* meuGameTests */ = {
			isa = PBXNativeTarget;
			buildConfigurationList = 43D86AA8238892F1003CBDC4 /* Build configuration list for PBXNativeTarget "meuGameTests" */;
			buildPhases = (
				43D86A8D238892F1003CBDC4 /* Sources */,
				43D86A8E238892F1003CBDC4 /* Frameworks */,
				43D86A8F238892F1003CBDC4 /* Resources */,
			);
			buildRules = (
			);
			dependencies = (
				43D86A93238892F1003CBDC4 /* PBXTargetDependency */,
			);
			name = meuGameTests;
			productName = meuGameTests;
			productReference = 43D86A91238892F1003CBDC4 /* meuGameTests.xctest */;
			productType = "com.apple.product-type.bundle.unit-test";
		};
		43D86A9B238892F1003CBDC4 /* meuGameUITests */ = {
			isa = PBXNativeTarget;
			buildConfigurationList = 43D86AAB238892F1003CBDC4 /* Build configuration list for PBXNativeTarget "meuGameUITests" */;
			buildPhases = (
				43D86A98238892F1003CBDC4 /* Sources */,
				43D86A99238892F1003CBDC4 /* Frameworks */,
				43D86A9A238892F1003CBDC4 /* Resources */,
			);
			buildRules = (
			);
			dependencies = (
				43D86A9E238892F1003CBDC4 /* PBXTargetDependency */,
			);
			name = meuGameUITests;
			productName = meuGameUITests;
			productReference = 43D86A9C238892F1003CBDC4 /* meuGameUITests.xctest */;
			productType = "com.apple.product-type.bundle.ui-testing";
		};
/* End PBXNativeTarget section */

/* Begin PBXProject section */
		43D86A6F238892F0003CBDC4 /* Project object */ = {
			isa = PBXProject;
			attributes = {
				LastSwiftUpdateCheck = 1100;
				LastUpgradeCheck = 1100;
				ORGANIZATIONNAME = "Gabriel Jacinto";
				TargetAttributes = {
					43D86A76238892F0003CBDC4 = {
						CreatedOnToolsVersion = 11.0;
					};
					43D86A90238892F1003CBDC4 = {
						CreatedOnToolsVersion = 11.0;
						TestTargetID = 43D86A76238892F0003CBDC4;
					};
					43D86A9B238892F1003CBDC4 = {
						CreatedOnToolsVersion = 11.0;
						TestTargetID = 43D86A76238892F0003CBDC4;
					};
				};
			};
			buildConfigurationList = 43D86A72238892F0003CBDC4 /* Build configuration list for PBXProject "meuGame" */;
			compatibilityVersion = "Xcode 9.3";
			developmentRegion = en;
			hasScannedForEncodings = 0;
			knownRegions = (
				en,
				Base,
			);
			mainGroup = 43D86A6E238892F0003CBDC4;
			productRefGroup = 43D86A78238892F0003CBDC4 /* Products */;
			projectDirPath = "";
			projectRoot = "";
			targets = (
				43D86A76238892F0003CBDC4 /* meuGame */,
				43D86A90238892F1003CBDC4 /* meuGameTests */,
				43D86A9B238892F1003CBDC4 /* meuGameUITests */,
			);
		};
/* End PBXProject section */

/* Begin PBXResourcesBuildPhase section */
		43D86A75238892F0003CBDC4 /* Resources */ = {
			isa = PBXResourcesBuildPhase;
			buildActionMask = 2147483647;
			files = (
				4323B4CD238C9AFB00BE544D /* minhaParticula.sks in Resources */,
				43D86A88238892F1003CBDC4 /* Assets.xcassets in Resources */,
				4391D8092389C96300500071 /* Main.storyboard in Resources */,
				43E668952389F152006FE255 /* player.png in Resources */,
			);
			runOnlyForDeploymentPostprocessing = 0;
		};
		43D86A8F238892F1003CBDC4 /* Resources */ = {
			isa = PBXResourcesBuildPhase;
			buildActionMask = 2147483647;
			files = (
			);
			runOnlyForDeploymentPostprocessing = 0;
		};
		43D86A9A238892F1003CBDC4 /* Resources */ = {
			isa = PBXResourcesBuildPhase;
			buildActionMask = 2147483647;
			files = (
			);
			runOnlyForDeploymentPostprocessing = 0;
		};
/* End PBXResourcesBuildPhase section */

/* Begin PBXSourcesBuildPhase section */
		43D86A73238892F0003CBDC4 /* Sources */ = {
			isa = PBXSourcesBuildPhase;
			buildActionMask = 2147483647;
			files = (
				43E668912389F04F006FE255 /* SpriteSheet.swift in Sources */,
				43D86A7B238892F0003CBDC4 /* AppDelegate.swift in Sources */,
				4391D80D2389CAA100500071 /* MinhaCena.swift in Sources */,
				4391D80B2389C9B200500071 /* MeuJogoViewController.swift in Sources */,
			);
			runOnlyForDeploymentPostprocessing = 0;
		};
		43D86A8D238892F1003CBDC4 /* Sources */ = {
			isa = PBXSourcesBuildPhase;
			buildActionMask = 2147483647;
			files = (
				43D86A96238892F1003CBDC4 /* meuGameTests.swift in Sources */,
			);
			runOnlyForDeploymentPostprocessing = 0;
		};
		43D86A98238892F1003CBDC4 /* Sources */ = {
			isa = PBXSourcesBuildPhase;
			buildActionMask = 2147483647;
			files = (
				43D86AA1238892F1003CBDC4 /* meuGameUITests.swift in Sources */,
			);
			runOnlyForDeploymentPostprocessing = 0;
		};
/* End PBXSourcesBuildPhase section */

/* Begin PBXTargetDependency section */
		43D86A93238892F1003CBDC4 /* PBXTargetDependency */ = {
			isa = PBXTargetDependency;
			target = 43D86A76238892F0003CBDC4 /* meuGame */;
			targetProxy = 43D86A92238892F1003CBDC4 /* PBXContainerItemProxy */;
		};
		43D86A9E238892F1003CBDC4 /* PBXTargetDependency */ = {
			isa = PBXTargetDependency;
			target = 43D86A76238892F0003CBDC4 /* meuGame */;
			targetProxy = 43D86A9D238892F1003CBDC4 /* PBXContainerItemProxy */;
		};
/* End PBXTargetDependency section */

/* Begin XCBuildConfiguration section */
		43D86AA3238892F1003CBDC4 /* Debug */ = {
			isa = XCBuildConfiguration;
			buildSettings = {
				ALWAYS_SEARCH_USER_PATHS = NO;
				CLANG_ANALYZER_NONNULL = YES;
				CLANG_ANALYZER_NUMBER_OBJECT_CONVERSION = YES_AGGRESSIVE;
				CLANG_CXX_LANGUAGE_STANDARD = "gnu++14";
				CLANG_CXX_LIBRARY = "libc++";
				CLANG_ENABLE_MODULES = YES;
				CLANG_ENABLE_OBJC_ARC = YES;
				CLANG_ENABLE_OBJC_WEAK = YES;
				CLANG_WARN_BLOCK_CAPTURE_AUTORELEASING = YES;
				CLANG_WARN_BOOL_CONVERSION = YES;
				CLANG_WARN_COMMA = YES;
				CLANG_WARN_CONSTANT_CONVERSION = YES;
				CLANG_WARN_DEPRECATED_OBJC_IMPLEMENTATIONS = YES;
				CLANG_WARN_DIRECT_OBJC_ISA_USAGE = YES_ERROR;
				CLANG_WARN_DOCUMENTATION_COMMENTS = YES;
				CLANG_WARN_EMPTY_BODY = YES;
				CLANG_WARN_ENUM_CONVERSION = YES;
				CLANG_WARN_INFINITE_RECURSION = YES;
				CLANG_WARN_INT_CONVERSION = YES;
				CLANG_WARN_NON_LITERAL_NULL_CONVERSION = YES;
				CLANG_WARN_OBJC_IMPLICIT_RETAIN_SELF = YES;
				CLANG_WARN_OBJC_LITERAL_CONVERSION = YES;
				CLANG_WARN_OBJC_ROOT_CLASS = YES_ERROR;
				CLANG_WARN_RANGE_LOOP_ANALYSIS = YES;
				CLANG_WARN_STRICT_PROTOTYPES = YES;
				CLANG_WARN_SUSPICIOUS_MOVE = YES;
				CLANG_WARN_UNGUARDED_AVAILABILITY = YES_AGGRESSIVE;
				CLANG_WARN_UNREACHABLE_CODE = YES;
				CLANG_WARN__DUPLICATE_METHOD_MATCH = YES;
				COPY_PHASE_STRIP = NO;
				DEBUG_INFORMATION_FORMAT = dwarf;
				ENABLE_STRICT_OBJC_MSGSEND = YES;
				ENABLE_TESTABILITY = YES;
				GCC_C_LANGUAGE_STANDARD = gnu11;
				GCC_DYNAMIC_NO_PIC = NO;
				GCC_NO_COMMON_BLOCKS = YES;
				GCC_OPTIMIZATION_LEVEL = 0;
				GCC_PREPROCESSOR_DEFINITIONS = (
					"DEBUG=1",
					"$(inherited)",
				);
				GCC_WARN_64_TO_32_BIT_CONVERSION = YES;
				GCC_WARN_ABOUT_RETURN_TYPE = YES_ERROR;
				GCC_WARN_UNDECLARED_SELECTOR = YES;
				GCC_WARN_UNINITIALIZED_AUTOS = YES_AGGRESSIVE;
				GCC_WARN_UNUSED_FUNCTION = YES;
				GCC_WARN_UNUSED_VARIABLE = YES;
				IPHONEOS_DEPLOYMENT_TARGET = 13.0;
				MTL_ENABLE_DEBUG_INFO = INCLUDE_SOURCE;
				MTL_FAST_MATH = YES;
				ONLY_ACTIVE_ARCH = YES;
				SDKROOT = iphoneos;
				SWIFT_ACTIVE_COMPILATION_CONDITIONS = DEBUG;
				SWIFT_OPTIMIZATION_LEVEL = "-Onone";
			};
			name = Debug;
		};
		43D86AA4238892F1003CBDC4 /* Release */ = {
			isa = XCBuildConfiguration;
			buildSettings = {
				ALWAYS_SEARCH_USER_PATHS = NO;
				CLANG_ANALYZER_NONNULL = YES;
				CLANG_ANALYZER_NUMBER_OBJECT_CONVERSION = YES_AGGRESSIVE;
				CLANG_CXX_LANGUAGE_STANDARD = "gnu++14";
				CLANG_CXX_LIBRARY = "libc++";
				CLANG_ENABLE_MODULES = YES;
				CLANG_ENABLE_OBJC_ARC = YES;
				CLANG_ENABLE_OBJC_WEAK = YES;
				CLANG_WARN_BLOCK_CAPTURE_AUTORELEASING = YES;
				CLANG_WARN_BOOL_CONVERSION = YES;
				CLANG_WARN_COMMA = YES;
				CLANG_WARN_CONSTANT_CONVERSION = YES;
				CLANG_WARN_DEPRECATED_OBJC_IMPLEMENTATIONS = YES;
				CLANG_WARN_DIRECT_OBJC_ISA_USAGE = YES_ERROR;
				CLANG_WARN_DOCUMENTATION_COMMENTS = YES;
				CLANG_WARN_EMPTY_BODY = YES;
				CLANG_WARN_ENUM_CONVERSION = YES;
				CLANG_WARN_INFINITE_RECURSION = YES;
				CLANG_WARN_INT_CONVERSION = YES;
				CLANG_WARN_NON_LITERAL_NULL_CONVERSION = YES;
				CLANG_WARN_OBJC_IMPLICIT_RETAIN_SELF = YES;
				CLANG_WARN_OBJC_LITERAL_CONVERSION = YES;
				CLANG_WARN_OBJC_ROOT_CLASS = YES_ERROR;
				CLANG_WARN_RANGE_LOOP_ANALYSIS = YES;
				CLANG_WARN_STRICT_PROTOTYPES = YES;
				CLANG_WARN_SUSPICIOUS_MOVE = YES;
				CLANG_WARN_UNGUARDED_AVAILABILITY = YES_AGGRESSIVE;
				CLANG_WARN_UNREACHABLE_CODE = YES;
				CLANG_WARN__DUPLICATE_METHOD_MATCH = YES;
				COPY_PHASE_STRIP = NO;
				DEBUG_INFORMATION_FORMAT = "dwarf-with-dsym";
				ENABLE_NS_ASSERTIONS = NO;
				ENABLE_STRICT_OBJC_MSGSEND = YES;
				GCC_C_LANGUAGE_STANDARD = gnu11;
				GCC_NO_COMMON_BLOCKS = YES;
				GCC_WARN_64_TO_32_BIT_CONVERSION = YES;
				GCC_WARN_ABOUT_RETURN_TYPE = YES_ERROR;
				GCC_WARN_UNDECLARED_SELECTOR = YES;
				GCC_WARN_UNINITIALIZED_AUTOS = YES_AGGRESSIVE;
				GCC_WARN_UNUSED_FUNCTION = YES;
				GCC_WARN_UNUSED_VARIABLE = YES;
				IPHONEOS_DEPLOYMENT_TARGET = 13.0;
				MTL_ENABLE_DEBUG_INFO = NO;
				MTL_FAST_MATH = YES;
				SDKROOT = iphoneos;
				SWIFT_COMPILATION_MODE = wholemodule;
				SWIFT_OPTIMIZATION_LEVEL = "-O";
				VALIDATE_PRODUCT = YES;
			};
			name = Release;
		};
		43D86AA6238892F1003CBDC4 /* Debug */ = {
			isa = XCBuildConfiguration;
			buildSettings = {
				ASSETCATALOG_COMPILER_APPICON_NAME = AppIcon;
				CODE_SIGN_STYLE = Automatic;
				DEVELOPMENT_TEAM = 4G392XHTG6;
				INFOPLIST_FILE = meuGame/Info.plist;
				IPHONEOS_DEPLOYMENT_TARGET = 12.0;
				LD_RUNPATH_SEARCH_PATHS = (
					"$(inherited)",
					"@executable_path/Frameworks",
				);
				PRODUCT_BUNDLE_IDENTIFIER = com.amicows.meuGame;
				PRODUCT_NAME = "$(TARGET_NAME)";
				SWIFT_VERSION = 5.0;
				TARGETED_DEVICE_FAMILY = 1;
			};
			name = Debug;
		};
		43D86AA7238892F1003CBDC4 /* Release */ = {
			isa = XCBuildConfiguration;
			buildSettings = {
				ASSETCATALOG_COMPILER_APPICON_NAME = AppIcon;
				CODE_SIGN_STYLE = Automatic;
				DEVELOPMENT_TEAM = 4G392XHTG6;
				INFOPLIST_FILE = meuGame/Info.plist;
				IPHONEOS_DEPLOYMENT_TARGET = 12.0;
				LD_RUNPATH_SEARCH_PATHS = (
					"$(inherited)",
					"@executable_path/Frameworks",
				);
				PRODUCT_BUNDLE_IDENTIFIER = com.amicows.meuGame;
				PRODUCT_NAME = "$(TARGET_NAME)";
				SWIFT_VERSION = 5.0;
				TARGETED_DEVICE_FAMILY = 1;
			};
			name = Release;
		};
		43D86AA9238892F1003CBDC4 /* Debug */ = {
			isa = XCBuildConfiguration;
			buildSettings = {
				ALWAYS_EMBED_SWIFT_STANDARD_LIBRARIES = YES;
				BUNDLE_LOADER = "$(TEST_HOST)";
				CODE_SIGN_STYLE = Automatic;
				DEVELOPMENT_TEAM = 4G392XHTG6;
				INFOPLIST_FILE = meuGameTests/Info.plist;
				IPHONEOS_DEPLOYMENT_TARGET = 13.0;
				LD_RUNPATH_SEARCH_PATHS = (
					"$(inherited)",
					"@executable_path/Frameworks",
					"@loader_path/Frameworks",
				);
				PRODUCT_BUNDLE_IDENTIFIER = com.amicows.meuGameTests;
				PRODUCT_NAME = "$(TARGET_NAME)";
				SWIFT_VERSION = 5.0;
				TARGETED_DEVICE_FAMILY = "1,2";
				TEST_HOST = "$(BUILT_PRODUCTS_DIR)/meuGame.app/meuGame";
			};
			name = Debug;
		};
		43D86AAA238892F1003CBDC4 /* Release */ = {
			isa = XCBuildConfiguration;
			buildSettings = {
				ALWAYS_EMBED_SWIFT_STANDARD_LIBRARIES = YES;
				BUNDLE_LOADER = "$(TEST_HOST)";
				CODE_SIGN_STYLE = Automatic;
				DEVELOPMENT_TEAM = 4G392XHTG6;
				INFOPLIST_FILE = meuGameTests/Info.plist;
				IPHONEOS_DEPLOYMENT_TARGET = 13.0;
				LD_RUNPATH_SEARCH_PATHS = (
					"$(inherited)",
					"@executable_path/Frameworks",
					"@loader_path/Frameworks",
				);
				PRODUCT_BUNDLE_IDENTIFIER = com.amicows.meuGameTests;
				PRODUCT_NAME = "$(TARGET_NAME)";
				SWIFT_VERSION = 5.0;
				TARGETED_DEVICE_FAMILY = "1,2";
				TEST_HOST = "$(BUILT_PRODUCTS_DIR)/meuGame.app/meuGame";
			};
			name = Release;
		};
		43D86AAC238892F1003CBDC4 /* Debug */ = {
			isa = XCBuildConfiguration;
			buildSettings = {
				ALWAYS_EMBED_SWIFT_STANDARD_LIBRARIES = YES;
				CODE_SIGN_STYLE = Automatic;
				DEVELOPMENT_TEAM = 4G392XHTG6;
				INFOPLIST_FILE = meuGameUITests/Info.plist;
				LD_RUNPATH_SEARCH_PATHS = (
					"$(inherited)",
					"@executable_path/Frameworks",
					"@loader_path/Frameworks",
				);
				PRODUCT_BUNDLE_IDENTIFIER = com.amicows.meuGameUITests;
				PRODUCT_NAME = "$(TARGET_NAME)";
				SWIFT_VERSION = 5.0;
				TARGETED_DEVICE_FAMILY = "1,2";
				TEST_TARGET_NAME = meuGame;
			};
			name = Debug;
		};
		43D86AAD238892F1003CBDC4 /* Release */ = {
			isa = XCBuildConfiguration;
			buildSettings = {
				ALWAYS_EMBED_SWIFT_STANDARD_LIBRARIES = YES;
				CODE_SIGN_STYLE = Automatic;
				DEVELOPMENT_TEAM = 4G392XHTG6;
				INFOPLIST_FILE = meuGameUITests/Info.plist;
				LD_RUNPATH_SEARCH_PATHS = (
					"$(inherited)",
					"@executable_path/Frameworks",
					"@loader_path/Frameworks",
				);
				PRODUCT_BUNDLE_IDENTIFIER = com.amicows.meuGameUITests;
				PRODUCT_NAME = "$(TARGET_NAME)";
				SWIFT_VERSION = 5.0;
				TARGETED_DEVICE_FAMILY = "1,2";
				TEST_TARGET_NAME = meuGame;
			};
			name = Release;
		};
/* End XCBuildConfiguration section */

/* Begin XCConfigurationList section */
		43D86A72238892F0003CBDC4 /* Build configuration list for PBXProject "meuGame" */ = {
			isa = XCConfigurationList;
			buildConfigurations = (
				43D86AA3238892F1003CBDC4 /* Debug */,
				43D86AA4238892F1003CBDC4 /* Release */,
			);
			defaultConfigurationIsVisible = 0;
			defaultConfigurationName = Release;
		};
		43D86AA5238892F1003CBDC4 /* Build configuration list for PBXNativeTarget "meuGame" */ = {
			isa = XCConfigurationList;
			buildConfigurations = (
				43D86AA6238892F1003CBDC4 /* Debug */,
				43D86AA7238892F1003CBDC4 /* Release */,
			);
			defaultConfigurationIsVisible = 0;
			defaultConfigurationName = Release;
		};
		43D86AA8238892F1003CBDC4 /* Build configuration list for PBXNativeTarget "meuGameTests" */ = {
			isa = XCConfigurationList;
			buildConfigurations = (
				43D86AA9238892F1003CBDC4 /* Debug */,
				43D86AAA238892F1003CBDC4 /* Release */,
			);
			defaultConfigurationIsVisible = 0;
			defaultConfigurationName = Release;
		};
		43D86AAB238892F1003CBDC4 /* Build configuration list for PBXNativeTarget "meuGameUITests" */ = {
			isa = XCConfigurationList;
			buildConfigurations = (
				43D86AAC238892F1003CBDC4 /* Debug */,
				43D86AAD238892F1003CBDC4 /* Release */,
			);
			defaultConfigurationIsVisible = 0;
			defaultConfigurationName = Release;
		};
/* End XCConfigurationList section */
	};
	rootObject = 43D86A6F238892F0003CBDC4 /* Project object */;
}
